
Microsoft Visual Studio Solution File, Format Version 12.00
Project("{FAE04EC0-301F-11D3-BF4B-00C04F79EFBC}") = "FrugalFoxBudgetApp", "FrugalFoxBudgetApp.csproj", "{AE49A1BC-8D9D-4548-96D2-7D23FC5B95C3}"
EndProject
Global
	GlobalSection(SolutionConfigurationPlatforms) = preSolution
		Debug|Any CPU = Debug|Any CPU
		Release|Any CPU = Release|Any CPU
	EndGlobalSection
	GlobalSection(ProjectConfigurationPlatforms) = postSolution
		{AE49A1BC-8D9D-4548-96D2-7D23FC5B95C3}.Debug|Any CPU.ActiveCfg = Debug|Any CPU
		{AE49A1BC-8D9D-4548-96D2-7D23FC5B95C3}.Debug|Any CPU.Build.0 = Debug|Any CPU
		{AE49A1BC-8D9D-4548-96D2-7D23FC5B95C3}.Release|Any CPU.ActiveCfg = Release|Any CPU
		{AE49A1BC-8D9D-4548-96D2-7D23FC5B95C3}.Release|Any CPU.Build.0 = Release|Any CPU
	EndGlobalSection
EndGlobal
